
Microsoft Visual Studio Solution File, Format Version 12.00
# Visual Studio Version 16
VisualStudioVersion = 16.0.32602.291
MinimumVisualStudioVersion = 10.0.40219.1
Project("{FAE04EC0-301F-11D3-BF4B-00C04F79EFBC}") = "School", "School\School.csproj", "{F7971C04-F4A1-4AB7-BD7B-78666870232B}"
EndProject
Global
	GlobalSection(SolutionConfigurationPlatforms) = preSolution
		Debug|Any CPU = Debug|Any CPU
		Release|Any CPU = Release|Any CPU
	EndGlobalSection
	GlobalSection(ProjectConfigurationPlatforms) = postSolution
		{F7971C04-F4A1-4AB7-BD7B-78666870232B}.Debug|Any CPU.ActiveCfg = Debug|Any CPU
		{F7971C04-F4A1-4AB7-BD7B-78666870232B}.Debug|Any CPU.Build.0 = Debug|Any CPU
		{F7971C04-F4A1-4AB7-BD7B-78666870232B}.Release|Any CPU.ActiveCfg = Release|Any CPU
		{F7971C04-F4A1-4AB7-BD7B-78666870232B}.Release|Any CPU.Build.0 = Release|Any CPU
	EndGlobalSection
	GlobalSection(SolutionProperties) = preSolution
		HideSolutionNode = FALSE
	EndGlobalSection
	GlobalSection(ExtensibilityGlobals) = postSolution
		SolutionGuid = {1BA96789-EC87-4BD7-ABBA-FDB622C87B0D}
	EndGlobalSection
EndGlobal
